
Microsoft Visual Studio Solution File, Format Version 12.00
# Visual Studio 15
VisualStudioVersion = 15.0.27703.2035
MinimumVisualStudioVersion = 10.0.40219.1
Project("{FAE04EC0-301F-11D3-BF4B-00C04F79EFBC}") = "AppTestServico", "AppTestServico\AppTestServico.csproj", "{ACDF371E-8F3C-4F2B-8F29-AB22074D91FD}"
EndProject
Project("{FAE04EC0-301F-11D3-BF4B-00C04F79EFBC}") = "WebAppServico", "WebAppServico\WebAppServico.csproj", "{B0AFBB1B-4B70-41E7-8F54-BD29C30A7B7D}"
EndProject
Global
	GlobalSection(SolutionConfigurationPlatforms) = preSolution
		Debug|Any CPU = Debug|Any CPU
		Release|Any CPU = Release|Any CPU
	EndGlobalSection
	GlobalSection(ProjectConfigurationPlatforms) = postSolution
		{ACDF371E-8F3C-4F2B-8F29-AB22074D91FD}.Debug|Any CPU.ActiveCfg = Debug|Any CPU
		{ACDF371E-8F3C-4F2B-8F29-AB22074D91FD}.Debug|Any CPU.Build.0 = Debug|Any CPU
		{ACDF371E-8F3C-4F2B-8F29-AB22074D91FD}.Release|Any CPU.ActiveCfg = Release|Any CPU
		{ACDF371E-8F3C-4F2B-8F29-AB22074D91FD}.Release|Any CPU.Build.0 = Release|Any CPU
		{B0AFBB1B-4B70-41E7-8F54-BD29C30A7B7D}.Debug|Any CPU.ActiveCfg = Debug|Any CPU
		{B0AFBB1B-4B70-41E7-8F54-BD29C30A7B7D}.Debug|Any CPU.Build.0 = Debug|Any CPU
		{B0AFBB1B-4B70-41E7-8F54-BD29C30A7B7D}.Release|Any CPU.ActiveCfg = Release|Any CPU
		{B0AFBB1B-4B70-41E7-8F54-BD29C30A7B7D}.Release|Any CPU.Build.0 = Release|Any CPU
	EndGlobalSection
	GlobalSection(SolutionProperties) = preSolution
		HideSolutionNode = FALSE
	EndGlobalSection
	GlobalSection(ExtensibilityGlobals) = postSolution
		SolutionGuid = {16F49D11-AF6C-409F-8188-E8274C410574}
	EndGlobalSection
EndGlobal
